// !$*UTF8*$!
{
	archiveVersion = 1;
	classes = {
	};
	objectVersion = 46;
	objects = {

/* Begin PBXBuildFile section */
		216253A7A68E00CB795DCA65 /* Pods_GoShop.framework in Frameworks */ = {isa = PBXBuildFile; fileRef = 779E873DB87D289DEF3F3BD5 /* Pods_GoShop.framework */; };
		B602BB321EDEFED100150B8E /* managerData.swift in Sources */ = {isa = PBXBuildFile; fileRef = B602BB311EDEFED100150B8E /* managerData.swift */; };
		B602BB341EDF183500150B8E /* ProductData.swift in Sources */ = {isa = PBXBuildFile; fileRef = B602BB331EDF183500150B8E /* ProductData.swift */; };
		B62222E61F45C2DE00132173 /* ArchiveListTVC.swift in Sources */ = {isa = PBXBuildFile; fileRef = B62222E51F45C2DE00132173 /* ArchiveListTVC.swift */; };
		B69896551EFAB27E00CC0AD5 /* ShopList.swift in Sources */ = {isa = PBXBuildFile; fileRef = B69896541EFAB27E00CC0AD5 /* ShopList.swift */; };
		B699251B1ED47BD8006FB2BB /* AppDelegate.swift in Sources */ = {isa = PBXBuildFile; fileRef = B699251A1ED47BD8006FB2BB /* AppDelegate.swift */; };
		B69925201ED47BD8006FB2BB /* Main.storyboard in Resources */ = {isa = PBXBuildFile; fileRef = B699251E1ED47BD8006FB2BB /* Main.storyboard */; };
		B69925221ED47BD8006FB2BB /* Assets.xcassets in Resources */ = {isa = PBXBuildFile; fileRef = B69925211ED47BD8006FB2BB /* Assets.xcassets */; };
		B69925251ED47BD8006FB2BB /* LaunchScreen.storyboard in Resources */ = {isa = PBXBuildFile; fileRef = B69925231ED47BD8006FB2BB /* LaunchScreen.storyboard */; };
		B69925311ED483B6006FB2BB /* TableViewController2.swift in Sources */ = {isa = PBXBuildFile; fileRef = B69925301ED483B6006FB2BB /* TableViewController2.swift */; };
		B69925331ED484FE006FB2BB /* AddNewProductViewController.swift in Sources */ = {isa = PBXBuildFile; fileRef = B69925321ED484FE006FB2BB /* AddNewProductViewController.swift */; };
/* End PBXBuildFile section */

/* Begin PBXFileReference section */
		13F5B3EB747E814AF1DD18BB /* Pods-GoShop.release.xcconfig */ = {isa = PBXFileReference; includeInIndex = 1; lastKnownFileType = text.xcconfig; name = "Pods-GoShop.release.xcconfig"; path = "Pods/Target Support Files/Pods-GoShop/Pods-GoShop.release.xcconfig"; sourceTree = "<group>"; };
		4A0DBB9200D7F5D585B123F8 /* Pods-GoShop.debug.xcconfig */ = {isa = PBXFileReference; includeInIndex = 1; lastKnownFileType = text.xcconfig; name = "Pods-GoShop.debug.xcconfig"; path = "Pods/Target Support Files/Pods-GoShop/Pods-GoShop.debug.xcconfig"; sourceTree = "<group>"; };
		779E873DB87D289DEF3F3BD5 /* Pods_GoShop.framework */ = {isa = PBXFileReference; explicitFileType = wrapper.framework; includeInIndex = 0; path = Pods_GoShop.framework; sourceTree = BUILT_PRODUCTS_DIR; };
		B602BB311EDEFED100150B8E /* managerData.swift */ = {isa = PBXFileReference; fileEncoding = 4; lastKnownFileType = sourcecode.swift; path = managerData.swift; sourceTree = "<group>"; };
		B602BB331EDF183500150B8E /* ProductData.swift */ = {isa = PBXFileReference; fileEncoding = 4; lastKnownFileType = sourcecode.swift; path = ProductData.swift; sourceTree = "<group>"; };
		B62222E51F45C2DE00132173 /* ArchiveListTVC.swift */ = {isa = PBXFileReference; fileEncoding = 4; lastKnownFileType = sourcecode.swift; path = ArchiveListTVC.swift; sourceTree = "<group>"; };
		B69896541EFAB27E00CC0AD5 /* ShopList.swift */ = {isa = PBXFileReference; fileEncoding = 4; lastKnownFileType = sourcecode.swift; path = ShopList.swift; sourceTree = "<group>"; };
		B69925171ED47BD8006FB2BB /* GoShop.app */ = {isa = PBXFileReference; explicitFileType = wrapper.application; includeInIndex = 0; path = GoShop.app; sourceTree = BUILT_PRODUCTS_DIR; };
		B699251A1ED47BD8006FB2BB /* AppDelegate.swift */ = {isa = PBXFileReference; lastKnownFileType = sourcecode.swift; path = AppDelegate.swift; sourceTree = "<group>"; };
		B699251F1ED47BD8006FB2BB /* Base */ = {isa = PBXFileReference; lastKnownFileType = file.storyboard; name = Base; path = Base.lproj/Main.storyboard; sourceTree = "<group>"; };
		B69925211ED47BD8006FB2BB /* Assets.xcassets */ = {isa = PBXFileReference; lastKnownFileType = folder.assetcatalog; path = Assets.xcassets; sourceTree = "<group>"; };
		B69925241ED47BD8006FB2BB /* Base */ = {isa = PBXFileReference; lastKnownFileType = file.storyboard; name = Base; path = Base.lproj/LaunchScreen.storyboard; sourceTree = "<group>"; };
		B69925261ED47BD8006FB2BB /* Info.plist */ = {isa = PBXFileReference; lastKnownFileType = text.plist.xml; path = Info.plist; sourceTree = "<group>"; };
		B69925301ED483B6006FB2BB /* TableViewController2.swift */ = {isa = PBXFileReference; fileEncoding = 4; lastKnownFileType = sourcecode.swift; path = TableViewController2.swift; sourceTree = "<group>"; };
		B69925321ED484FE006FB2BB /* AddNewProductViewController.swift */ = {isa = PBXFileReference; fileEncoding = 4; lastKnownFileType = sourcecode.swift; path = AddNewProductViewController.swift; sourceTree = "<group>"; };
/* End PBXFileReference section */

/* Begin PBXFrameworksBuildPhase section */
		B69925141ED47BD8006FB2BB /* Frameworks */ = {
			isa = PBXFrameworksBuildPhase;
			buildActionMask = 2147483647;
			files = (
				216253A7A68E00CB795DCA65 /* Pods_GoShop.framework in Frameworks */,
			);
			runOnlyForDeploymentPostprocessing = 0;
		};
/* End PBXFrameworksBuildPhase section */

/* Begin PBXGroup section */
		3E4A07117AE28A4C9FAF8734 /* Frameworks */ = {
			isa = PBXGroup;
			children = (
				779E873DB87D289DEF3F3BD5 /* Pods_GoShop.framework */,
			);
			name = Frameworks;
			sourceTree = "<group>";
		};
		B699250E1ED47BD8006FB2BB = {
			isa = PBXGroup;
			children = (
				B69925191ED47BD8006FB2BB /* GoShop */,
				B69925181ED47BD8006FB2BB /* Products */,
				C4862B91C83C81EE0184FD2C /* Pods */,
				3E4A07117AE28A4C9FAF8734 /* Frameworks */,
			);
			sourceTree = "<group>";
		};
		B69925181ED47BD8006FB2BB /* Products */ = {
			isa = PBXGroup;
			children = (
				B69925171ED47BD8006FB2BB /* GoShop.app */,
			);
			name = Products;
			sourceTree = "<group>";
		};
		B69925191ED47BD8006FB2BB /* GoShop */ = {
			isa = PBXGroup;
			children = (
				B699251A1ED47BD8006FB2BB /* AppDelegate.swift */,
				B69925301ED483B6006FB2BB /* TableViewController2.swift */,
				B69896541EFAB27E00CC0AD5 /* ShopList.swift */,
				B699251E1ED47BD8006FB2BB /* Main.storyboard */,
				B69925321ED484FE006FB2BB /* AddNewProductViewController.swift */,
				B602BB331EDF183500150B8E /* ProductData.swift */,
				B69925211ED47BD8006FB2BB /* Assets.xcassets */,
				B62222E51F45C2DE00132173 /* ArchiveListTVC.swift */,
				B69925231ED47BD8006FB2BB /* LaunchScreen.storyboard */,
				B69925261ED47BD8006FB2BB /* Info.plist */,
				B602BB311EDEFED100150B8E /* managerData.swift */,
			);
			path = GoShop;
			sourceTree = "<group>";
		};
		C4862B91C83C81EE0184FD2C /* Pods */ = {
			isa = PBXGroup;
			children = (
				4A0DBB9200D7F5D585B123F8 /* Pods-GoShop.debug.xcconfig */,
				13F5B3EB747E814AF1DD18BB /* Pods-GoShop.release.xcconfig */,
			);
			name = Pods;
			sourceTree = "<group>";
		};
/* End PBXGroup section */

/* Begin PBXNativeTarget section */
		B69925161ED47BD8006FB2BB /* GoShop */ = {
			isa = PBXNativeTarget;
			buildConfigurationList = B69925291ED47BD8006FB2BB /* Build configuration list for PBXNativeTarget "GoShop" */;
			buildPhases = (
				853907C713D635617A5FD3B8 /* [CP] Check Pods Manifest.lock */,
				B69925131ED47BD8006FB2BB /* Sources */,
				B69925141ED47BD8006FB2BB /* Frameworks */,
				B69925151ED47BD8006FB2BB /* Resources */,
				72004F15A79CB2610E9EBF4C /* [CP] Embed Pods Frameworks */,
				07E30BD029F0AD8ECB9E1AE3 /* [CP] Copy Pods Resources */,
			);
			buildRules = (
			);
			dependencies = (
			);
			name = GoShop;
			productName = GoShop;
			productReference = B69925171ED47BD8006FB2BB /* GoShop.app */;
			productType = "com.apple.product-type.application";
		};
/* End PBXNativeTarget section */

/* Begin PBXProject section */
		B699250F1ED47BD8006FB2BB /* Project object */ = {
			isa = PBXProject;
			attributes = {
				LastSwiftUpdateCheck = 0830;
				LastUpgradeCheck = 0830;
				ORGANIZATIONNAME = "ВладМади";
				TargetAttributes = {
					B69925161ED47BD8006FB2BB = {
						CreatedOnToolsVersion = 8.3.2;
						ProvisioningStyle = Automatic;
					};
				};
			};
			buildConfigurationList = B69925121ED47BD8006FB2BB /* Build configuration list for PBXProject "GoShop" */;
			compatibilityVersion = "Xcode 3.2";
			developmentRegion = English;
			hasScannedForEncodings = 0;
			knownRegions = (
				en,
				Base,
			);
			mainGroup = B699250E1ED47BD8006FB2BB;
			productRefGroup = B69925181ED47BD8006FB2BB /* Products */;
			projectDirPath = "";
			projectRoot = "";
			targets = (
				B69925161ED47BD8006FB2BB /* GoShop */,
			);
		};
/* End PBXProject section */

/* Begin PBXResourcesBuildPhase section */
		B69925151ED47BD8006FB2BB /* Resources */ = {
			isa = PBXResourcesBuildPhase;
			buildActionMask = 2147483647;
			files = (
				B69925251ED47BD8006FB2BB /* LaunchScreen.storyboard in Resources */,
				B69925221ED47BD8006FB2BB /* Assets.xcassets in Resources */,
				B69925201ED47BD8006FB2BB /* Main.storyboard in Resources */,
			);
			runOnlyForDeploymentPostprocessing = 0;
		};
/* End PBXResourcesBuildPhase section */

/* Begin PBXShellScriptBuildPhase section */
		07E30BD029F0AD8ECB9E1AE3 /* [CP] Copy Pods Resources */ = {
			isa = PBXShellScriptBuildPhase;
			buildActionMask = 2147483647;
			files = (
			);
			inputPaths = (
			);
			name = "[CP] Copy Pods Resources";
			outputPaths = (
			);
			runOnlyForDeploymentPostprocessing = 0;
			shellPath = /bin/sh;
			shellScript = "\"${SRCROOT}/Pods/Target Support Files/Pods-GoShop/Pods-GoShop-resources.sh\"\n";
			showEnvVarsInLog = 0;
		};
		72004F15A79CB2610E9EBF4C /* [CP] Embed Pods Frameworks */ = {
			isa = PBXShellScriptBuildPhase;
			buildActionMask = 2147483647;
			files = (
			);
			inputPaths = (
			);
			name = "[CP] Embed Pods Frameworks";
			outputPaths = (
			);
			runOnlyForDeploymentPostprocessing = 0;
			shellPath = /bin/sh;
			shellScript = "\"${SRCROOT}/Pods/Target Support Files/Pods-GoShop/Pods-GoShop-frameworks.sh\"\n";
			showEnvVarsInLog = 0;
		};
		853907C713D635617A5FD3B8 /* [CP] Check Pods Manifest.lock */ = {
			isa = PBXShellScriptBuildPhase;
			buildActionMask = 2147483647;
			files = (
			);
			inputPaths = (
			);
			name = "[CP] Check Pods Manifest.lock";
			outputPaths = (
			);
			runOnlyForDeploymentPostprocessing = 0;
			shellPath = /bin/sh;
			shellScript = "diff \"${PODS_PODFILE_DIR_PATH}/Podfile.lock\" \"${PODS_ROOT}/Manifest.lock\" > /dev/null\nif [ $? != 0 ] ; then\n    # print error to STDERR\n    echo \"error: The sandbox is not in sync with the Podfile.lock. Run 'pod install' or update your CocoaPods installation.\" >&2\n    exit 1\nfi\n";
			showEnvVarsInLog = 0;
		};
/* End PBXShellScriptBuildPhase section */

/* Begin PBXSourcesBuildPhase section */
		B69925131ED47BD8006FB2BB /* Sources */ = {
			isa = PBXSourcesBuildPhase;
			buildActionMask = 2147483647;
			files = (
				B62222E61F45C2DE00132173 /* ArchiveListTVC.swift in Sources */,
				B699251B1ED47BD8006FB2BB /* AppDelegate.swift in Sources */,
				B602BB341EDF183500150B8E /* ProductData.swift in Sources */,
				B602BB321EDEFED100150B8E /* managerData.swift in Sources */,
				B69896551EFAB27E00CC0AD5 /* ShopList.swift in Sources */,
				B69925311ED483B6006FB2BB /* TableViewController2.swift in Sources */,
				B69925331ED484FE006FB2BB /* AddNewProductViewController.swift in Sources */,
			);
			runOnlyForDeploymentPostprocessing = 0;
		};
/* End PBXSourcesBuildPhase section */

/* Begin PBXVariantGroup section */
		B699251E1ED47BD8006FB2BB /* Main.storyboard */ = {
			isa = PBXVariantGroup;
			children = (
				B699251F1ED47BD8006FB2BB /* Base */,
			);
			name = Main.storyboard;
			sourceTree = "<group>";
		};
		B69925231ED47BD8006FB2BB /* LaunchScreen.storyboard */ = {
			isa = PBXVariantGroup;
			children = (
				B69925241ED47BD8006FB2BB /* Base */,
			);
			name = LaunchScreen.storyboard;
			sourceTree = "<group>";
		};
/* End PBXVariantGroup section */

/* Begin XCBuildConfiguration section */
		B69925271ED47BD8006FB2BB /* Debug */ = {
			isa = XCBuildConfiguration;
			buildSettings = {
				ALWAYS_SEARCH_USER_PATHS = NO;
				CLANG_ANALYZER_NONNULL = YES;
				CLANG_ANALYZER_NUMBER_OBJECT_CONVERSION = YES_AGGRESSIVE;
				CLANG_CXX_LANGUAGE_STANDARD = "gnu++0x";
				CLANG_CXX_LIBRARY = "libc++";
				CLANG_ENABLE_MODULES = YES;
				CLANG_ENABLE_OBJC_ARC = YES;
				CLANG_WARN_BOOL_CONVERSION = YES;
				CLANG_WARN_CONSTANT_CONVERSION = YES;
				CLANG_WARN_DIRECT_OBJC_ISA_USAGE = YES_ERROR;
				CLANG_WARN_DOCUMENTATION_COMMENTS = YES;
				CLANG_WARN_EMPTY_BODY = YES;
				CLANG_WARN_ENUM_CONVERSION = YES;
				CLANG_WARN_INFINITE_RECURSION = YES;
				CLANG_WARN_INT_CONVERSION = YES;
				CLANG_WARN_OBJC_ROOT_CLASS = YES_ERROR;
				CLANG_WARN_SUSPICIOUS_MOVE = YES;
				CLANG_WARN_UNREACHABLE_CODE = YES;
				CLANG_WARN__DUPLICATE_METHOD_MATCH = YES;
				"CODE_SIGN_IDENTITY[sdk=iphoneos*]" = "iPhone Developer";
				COPY_PHASE_STRIP = NO;
				DEBUG_INFORMATION_FORMAT = dwarf;
				ENABLE_STRICT_OBJC_MSGSEND = YES;
				ENABLE_TESTABILITY = YES;
				GCC_C_LANGUAGE_STANDARD = gnu99;
				GCC_DYNAMIC_NO_PIC = NO;
				GCC_NO_COMMON_BLOCKS = YES;
				GCC_OPTIMIZATION_LEVEL = 0;
				GCC_PREPROCESSOR_DEFINITIONS = (
					"DEBUG=1",
					"$(inherited)",
				);
				GCC_WARN_64_TO_32_BIT_CONVERSION = YES;
				GCC_WARN_ABOUT_RETURN_TYPE = YES_ERROR;
				GCC_WARN_UNDECLARED_SELECTOR = YES;
				GCC_WARN_UNINITIALIZED_AUTOS = YES_AGGRESSIVE;
				GCC_WARN_UNUSED_FUNCTION = YES;
				GCC_WARN_UNUSED_VARIABLE = YES;
				IPHONEOS_DEPLOYMENT_TARGET = 10.3;
				MTL_ENABLE_DEBUG_INFO = YES;
				ONLY_ACTIVE_ARCH = YES;
				SDKROOT = iphoneos;
				SWIFT_ACTIVE_COMPILATION_CONDITIONS = DEBUG;
				SWIFT_OPTIMIZATION_LEVEL = "-Onone";
				TARGETED_DEVICE_FAMILY = "1,2";
			};
			name = Debug;
		};
		B69925281ED47BD8006FB2BB /* Release */ = {
			isa = XCBuildConfiguration;
			buildSettings = {
				ALWAYS_SEARCH_USER_PATHS = NO;
				CLANG_ANALYZER_NONNULL = YES;
				CLANG_ANALYZER_NUMBER_OBJECT_CONVERSION = YES_AGGRESSIVE;
				CLANG_CXX_LANGUAGE_STANDARD = "gnu++0x";
				CLANG_CXX_LIBRARY = "libc++";
				CLANG_ENABLE_MODULES = YES;
				CLANG_ENABLE_OBJC_ARC = YES;
				CLANG_WARN_BOOL_CONVERSION = YES;
				CLANG_WARN_CONSTANT_CONVERSION = YES;
				CLANG_WARN_DIRECT_OBJC_ISA_USAGE = YES_ERROR;
				CLANG_WARN_DOCUMENTATION_COMMENTS = YES;
				CLANG_WARN_EMPTY_BODY = YES;
				CLANG_WARN_ENUM_CONVERSION = YES;
				CLANG_WARN_INFINITE_RECURSION = YES;
				CLANG_WARN_INT_CONVERSION = YES;
				CLANG_WARN_OBJC_ROOT_CLASS = YES_ERROR;
				CLANG_WARN_SUSPICIOUS_MOVE = YES;
				CLANG_WARN_UNREACHABLE_CODE = YES;
				CLANG_WARN__DUPLICATE_METHOD_MATCH = YES;
				"CODE_SIGN_IDENTITY[sdk=iphoneos*]" = "iPhone Developer";
				COPY_PHASE_STRIP = NO;
				DEBUG_INFORMATION_FORMAT = "dwarf-with-dsym";
				ENABLE_NS_ASSERTIONS = NO;
				ENABLE_STRICT_OBJC_MSGSEND = YES;
				GCC_C_LANGUAGE_STANDARD = gnu99;
				GCC_NO_COMMON_BLOCKS = YES;
				GCC_WARN_64_TO_32_BIT_CONVERSION = YES;
				GCC_WARN_ABOUT_RETURN_TYPE = YES_ERROR;
				GCC_WARN_UNDECLARED_SELECTOR = YES;
				GCC_WARN_UNINITIALIZED_AUTOS = YES_AGGRESSIVE;
				GCC_WARN_UNUSED_FUNCTION = YES;
				GCC_WARN_UNUSED_VARIABLE = YES;
				IPHONEOS_DEPLOYMENT_TARGET = 10.3;
				MTL_ENABLE_DEBUG_INFO = NO;
				SDKROOT = iphoneos;
				SWIFT_OPTIMIZATION_LEVEL = "-Owholemodule";
				TARGETED_DEVICE_FAMILY = "1,2";
				VALIDATE_PRODUCT = YES;
			};
			name = Release;
		};
		B699252A1ED47BD8006FB2BB /* Debug */ = {
			isa = XCBuildConfiguration;
			baseConfigurationReference = 4A0DBB9200D7F5D585B123F8 /* Pods-GoShop.debug.xcconfig */;
			buildSettings = {
				ASSETCATALOG_COMPILER_APPICON_NAME = AppIcon;
				INFOPLIST_FILE = GoShop/Info.plist;
				LD_RUNPATH_SEARCH_PATHS = "$(inherited) @executable_path/Frameworks";
				PRODUCT_BUNDLE_IDENTIFIER = WladMadi.GoShop;
				PRODUCT_NAME = "$(TARGET_NAME)";
				SWIFT_VERSION = 3.0;
			};
			name = Debug;
		};
		B699252B1ED47BD8006FB2BB /* Release */ = {
			isa = XCBuildConfiguration;
			baseConfigurationReference = 13F5B3EB747E814AF1DD18BB /* Pods-GoShop.release.xcconfig */;
			buildSettings = {
				ASSETCATALOG_COMPILER_APPICON_NAME = AppIcon;
				INFOPLIST_FILE = GoShop/Info.plist;
				LD_RUNPATH_SEARCH_PATHS = "$(inherited) @executable_path/Frameworks";
				PRODUCT_BUNDLE_IDENTIFIER = WladMadi.GoShop;
				PRODUCT_NAME = "$(TARGET_NAME)";
				SWIFT_VERSION = 3.0;
			};
			name = Release;
		};
/* End XCBuildConfiguration section */

/* Begin XCConfigurationList section */
		B69925121ED47BD8006FB2BB /* Build configuration list for PBXProject "GoShop" */ = {
			isa = XCConfigurationList;
			buildConfigurations = (
				B69925271ED47BD8006FB2BB /* Debug */,
				B69925281ED47BD8006FB2BB /* Release */,
			);
			defaultConfigurationIsVisible = 0;
			defaultConfigurationName = Release;
		};
		B69925291ED47BD8006FB2BB /* Build configuration list for PBXNativeTarget "GoShop" */ = {
			isa = XCConfigurationList;
			buildConfigurations = (
				B699252A1ED47BD8006FB2BB /* Debug */,
				B699252B1ED47BD8006FB2BB /* Release */,
			);
			defaultConfigurationIsVisible = 0;
			defaultConfigurationName = Release;
		};
/* End XCConfigurationList section */
	};
	rootObject = B699250F1ED47BD8006FB2BB /* Project object */;
}
